
Microsoft Visual Studio Solution File, Format Version 12.00
# Visual Studio 15
VisualStudioVersion = 15.0.28307.168
MinimumVisualStudioVersion = 10.0.40219.1
Project("{FAE04EC0-301F-11D3-BF4B-00C04F79EFBC}") = "MicrOS DevTools", "MicrOS DevTools.csproj", "{0D2AFA3E-8387-4ADA-994F-077E9EC84883}"
EndProject
Global
	GlobalSection(SolutionConfigurationPlatforms) = preSolution
		Debug|Any CPU = Debug|Any CPU
		Release|Any CPU = Release|Any CPU
	EndGlobalSection
	GlobalSection(ProjectConfigurationPlatforms) = postSolution
		{0D2AFA3E-8387-4ADA-994F-077E9EC84883}.Debug|Any CPU.ActiveCfg = Debug|Any CPU
		{0D2AFA3E-8387-4ADA-994F-077E9EC84883}.Debug|Any CPU.Build.0 = Debug|Any CPU
		{0D2AFA3E-8387-4ADA-994F-077E9EC84883}.Release|Any CPU.ActiveCfg = Release|Any CPU
		{0D2AFA3E-8387-4ADA-994F-077E9EC84883}.Release|Any CPU.Build.0 = Release|Any CPU
	EndGlobalSection
	GlobalSection(SolutionProperties) = preSolution
		HideSolutionNode = FALSE
	EndGlobalSection
	GlobalSection(ExtensibilityGlobals) = postSolution
		SolutionGuid = {D7807F5D-0BC5-4196-A2F6-BB38DAE603DD}
	EndGlobalSection
EndGlobal
